{
  "name": "binnote-client",
  "version": "0.1.0",
  "lockfileVersion": 3,
  "requires": true,
  "packages": {
    "": {
      "name": "binnote-client",
      "version": "0.1.0",
      "dependencies": {
        "@tiptap/extension-image": "^2.11.5",
        "@tiptap/extension-placeholder": "^2.11.5",
        "@tiptap/react": "^2.11.5",
        "@tiptap/starter-kit": "^2.11.5",
        "marked": "^15.0.7",
        "react": "^19.0.0",
        "react-dom": "^19.0.0",
        "turndown": "^7.2.0"
      },
      "devDependencies": {
        "@vitejs/plugin-react": "^4.3.4",
        "vite": "^6.2.0"
      }
    }
  }
}
